
Microsoft Visual Studio Solution File, Format Version 12.00
# Visual Studio 2012
Project("{FAE04EC0-301F-11D3-BF4B-00C04F79EFBC}") = "VideologLookupWebApp", "VideologLookupWebApp\VideologLookupWebApp.csproj", "{2CE74D29-153E-4054-94D8-120194807CEB}"
EndProject
Global
	GlobalSection(SolutionConfigurationPlatforms) = preSolution
		Debug|Any CPU = Debug|Any CPU
		Release|Any CPU = Release|Any CPU
	EndGlobalSection
	GlobalSection(ProjectConfigurationPlatforms) = postSolution
		{2CE74D29-153E-4054-94D8-120194807CEB}.Debug|Any CPU.ActiveCfg = Debug|Any CPU
		{2CE74D29-153E-4054-94D8-120194807CEB}.Debug|Any CPU.Build.0 = Debug|Any CPU
		{2CE74D29-153E-4054-94D8-120194807CEB}.Release|Any CPU.ActiveCfg = Release|Any CPU
		{2CE74D29-153E-4054-94D8-120194807CEB}.Release|Any CPU.Build.0 = Release|Any CPU
	EndGlobalSection
EndGlobal
